{
    "_readme": [
        "This file locks the dependencies of your project to a known state",
        "Read more about it at https://getcomposer.org/doc/01-basic-usage.md#installing-dependencies",
        "This file is @generated automatically"
    ],
    "content-hash": "7886f1ca74657d51fd102d5daa599ce0",
    "packages": [
        {
            "name": "radiantabyss/lumi-vue-artisan",
            "version": "v1.0.22",
            "source": {
                "type": "git",
                "url": "https://github.com/radiantabyss/lumi-vue-artisan.git",
                "reference": "c45c07ad81201a8399d8ee64eb42d1ee10b3b59e"
            },
            "dist": {
                "type": "zip",
                "url": "https://api.github.com/repos/radiantabyss/lumi-vue-artisan/zipball/c45c07ad81201a8399d8ee64eb42d1ee10b3b59e",
                "reference": "c45c07ad81201a8399d8ee64eb42d1ee10b3b59e",
                "shasum": ""
            },
            "require": {
                "php": ">=7.1"
            },
            "type": "library",
            "autoload": {
                "files": [
                    "src/helpers.php"
                ],
                "psr-4": {
                    "LumiVueArtisan\\": "src"
                }
            },
            "notification-url": "https://packagist.org/downloads/",
            "license": [
                "proprietary"
            ],
            "authors": [
                {
                    "name": "Robert B.",
                    "email": "robert@radiantabyss.com",
                    "role": "developer"
                }
            ],
            "description": "Lumi Vue Artisan",
            "homepage": "https://radiantabyss.com",
            "keywords": [
                "lumi vue artisan",
                "vue artisan"
            ],
            "support": {
                "issues": "https://github.com/radiantabyss/lumi-vue-artisan/issues",
                "source": "https://github.com/radiantabyss/lumi-vue-artisan/tree/v1.0.22"
            },
            "time": "2023-10-25T20:44:12+00:00"
        }
    ],
    "packages-dev": [],
    "aliases": [],
    "minimum-stability": "stable",
    "stability-flags": [],
    "prefer-stable": false,
    "prefer-lowest": false,
    "platform": [],
    "platform-dev": [],
    "plugin-api-version": "2.3.0"
}
